
Microsoft Visual Studio Solution File, Format Version 12.00
# Visual Studio Version 17
VisualStudioVersion = 17.0.32112.339
MinimumVisualStudioVersion = 10.0.40219.1
Project("{8BC9CEB8-8B4A-11D0-8D11-00A0C91BC942}") = "main-project", "main-project\main-project.vcxproj", "{CD001CBF-2F84-4BE7-9DFC-1F47DCCAE20D}"
EndProject
Global
	GlobalSection(SolutionConfigurationPlatforms) = preSolution
		Debug|x64 = Debug|x64
		Debug|x86 = Debug|x86
		Release|x64 = Release|x64
		Release|x86 = Release|x86
	EndGlobalSection
	GlobalSection(ProjectConfigurationPlatforms) = postSolution
		{CD001CBF-2F84-4BE7-9DFC-1F47DCCAE20D}.Debug|x64.ActiveCfg = Debug|x64
		{CD001CBF-2F84-4BE7-9DFC-1F47DCCAE20D}.Debug|x64.Build.0 = Debug|x64
		{CD001CBF-2F84-4BE7-9DFC-1F47DCCAE20D}.Debug|x86.ActiveCfg = Debug|Win32
		{CD001CBF-2F84-4BE7-9DFC-1F47DCCAE20D}.Debug|x86.Build.0 = Debug|Win32
		{CD001CBF-2F84-4BE7-9DFC-1F47DCCAE20D}.Release|x64.ActiveCfg = Release|x64
		{CD001CBF-2F84-4BE7-9DFC-1F47DCCAE20D}.Release|x64.Build.0 = Release|x64
		{CD001CBF-2F84-4BE7-9DFC-1F47DCCAE20D}.Release|x86.ActiveCfg = Release|Win32
		{CD001CBF-2F84-4BE7-9DFC-1F47DCCAE20D}.Release|x86.Build.0 = Release|Win32
	EndGlobalSection
	GlobalSection(SolutionProperties) = preSolution
		HideSolutionNode = FALSE
	EndGlobalSection
	GlobalSection(ExtensibilityGlobals) = postSolution
		SolutionGuid = {CC4C4DAC-6529-4587-8A1A-00F218B77594}
	EndGlobalSection
EndGlobal
